dependencies:
- name: flask-app
  repository: file://../flask-app
  version: 0.1.0
- name: nginx-front
  repository: file://../nginx-front
  version: 0.1.0
- name: redis
  repository: https://charts.bitnami.com/bitnami
  version: 20.6.0
digest: sha256:82e29b5c6f3d9b77171b3b0c5cfec77f56db8a019694ebd52924d211a835efa8
generated: "2026-02-06T16:23:39.525667936Z"
